
Microsoft Visual Studio Solution File, Format Version 12.00
# Visual Studio Version 17
VisualStudioVersion = 17.11.35327.3
MinimumVisualStudioVersion = 10.0.40219.1
Project("{FAE04EC0-301F-11D3-BF4B-00C04F79EFBC}") = "Lab-7-OOP-Generic-collections", "Lab-7-OOP-Generic-collections\Lab-7-OOP-Generic-collections.csproj", "{6840236D-695C-4320-AE09-21B4DA64BDCA}"
EndProject
Global
	GlobalSection(SolutionConfigurationPlatforms) = preSolution
		Debug|Any CPU = Debug|Any CPU
		Release|Any CPU = Release|Any CPU
	EndGlobalSection
	GlobalSection(ProjectConfigurationPlatforms) = postSolution
		{6840236D-695C-4320-AE09-21B4DA64BDCA}.Debug|Any CPU.ActiveCfg = Debug|Any CPU
		{6840236D-695C-4320-AE09-21B4DA64BDCA}.Debug|Any CPU.Build.0 = Debug|Any CPU
		{6840236D-695C-4320-AE09-21B4DA64BDCA}.Release|Any CPU.ActiveCfg = Release|Any CPU
		{6840236D-695C-4320-AE09-21B4DA64BDCA}.Release|Any CPU.Build.0 = Release|Any CPU
	EndGlobalSection
	GlobalSection(SolutionProperties) = preSolution
		HideSolutionNode = FALSE
	EndGlobalSection
	GlobalSection(ExtensibilityGlobals) = postSolution
		SolutionGuid = {59B9200B-C034-4F25-A91D-ED16AD7A145B}
	EndGlobalSection
EndGlobal
